
Microsoft Visual Studio Solution File, Format Version 12.00
# Visual Studio Version 17
VisualStudioVersion = 17.14.36127.28 d17.14
MinimumVisualStudioVersion = 10.0.40219.1
Project("{FAE04EC0-301F-11D3-BF4B-00C04F79EFBC}") = "webapp", "webapp\webapp.csproj", "{B7DC1123-F348-47F6-9A15-88B78C09A4EB}"
EndProject
Global
	GlobalSection(SolutionConfigurationPlatforms) = preSolution
		Debug|Any CPU = Debug|Any CPU
		Release|Any CPU = Release|Any CPU
	EndGlobalSection
	GlobalSection(ProjectConfigurationPlatforms) = postSolution
		{B7DC1123-F348-47F6-9A15-88B78C09A4EB}.Debug|Any CPU.ActiveCfg = Debug|Any CPU
		{B7DC1123-F348-47F6-9A15-88B78C09A4EB}.Debug|Any CPU.Build.0 = Debug|Any CPU
		{B7DC1123-F348-47F6-9A15-88B78C09A4EB}.Release|Any CPU.ActiveCfg = Release|Any CPU
		{B7DC1123-F348-47F6-9A15-88B78C09A4EB}.Release|Any CPU.Build.0 = Release|Any CPU
	EndGlobalSection
	GlobalSection(SolutionProperties) = preSolution
		HideSolutionNode = FALSE
	EndGlobalSection
	GlobalSection(ExtensibilityGlobals) = postSolution
		SolutionGuid = {ED6DD2CC-A9BA-4DC6-80F6-5035E59F722E}
	EndGlobalSection
EndGlobal
